
Microsoft Visual Studio Solution File, Format Version 12.00
# Visual Studio Version 17
VisualStudioVersion = 17.1.32228.430
MinimumVisualStudioVersion = 10.0.40219.1
Project("{9A19103F-16F7-4668-BE54-9A1E7A4F7556}") = "Block1", "Block1\Block1.csproj", "{715ED8B7-5EC0-4DF5-B597-A3CF5CC5AAF9}"
EndProject
Project("{9A19103F-16F7-4668-BE54-9A1E7A4F7556}") = "Block2", "Block2\Block2.csproj", "{38336FC6-1F2B-4BB5-9941-AC4FC056A6FA}"
EndProject
Project("{9A19103F-16F7-4668-BE54-9A1E7A4F7556}") = "Block2Labs", "Block2Labs\Block2Labs.csproj", "{CE978D37-5307-4F80-A804-27567135683A}"
EndProject
Project("{9A19103F-16F7-4668-BE54-9A1E7A4F7556}") = "Block3", "Block3\Block3.csproj", "{6236209C-24CB-4DCA-BE1B-61A8155FFEAA}"
EndProject
Project("{9A19103F-16F7-4668-BE54-9A1E7A4F7556}") = "Block3Labs", "Block3Labs\Block3Labs.csproj", "{10A8E73F-C918-425F-92CB-D637328D5920}"
EndProject
Project("{FAE04EC0-301F-11D3-BF4B-00C04F79EFBC}") = "Block4", "Block4\Block4.csproj", "{3936B795-9DEF-4295-9983-4DD6A39A9017}"
EndProject
Global
	GlobalSection(SolutionConfigurationPlatforms) = preSolution
		Debug|Any CPU = Debug|Any CPU
		Release|Any CPU = Release|Any CPU
	EndGlobalSection
	GlobalSection(ProjectConfigurationPlatforms) = postSolution
		{715ED8B7-5EC0-4DF5-B597-A3CF5CC5AAF9}.Debug|Any CPU.ActiveCfg = Debug|Any CPU
		{715ED8B7-5EC0-4DF5-B597-A3CF5CC5AAF9}.Debug|Any CPU.Build.0 = Debug|Any CPU
		{715ED8B7-5EC0-4DF5-B597-A3CF5CC5AAF9}.Release|Any CPU.ActiveCfg = Release|Any CPU
		{715ED8B7-5EC0-4DF5-B597-A3CF5CC5AAF9}.Release|Any CPU.Build.0 = Release|Any CPU
		{38336FC6-1F2B-4BB5-9941-AC4FC056A6FA}.Debug|Any CPU.ActiveCfg = Debug|Any CPU
		{38336FC6-1F2B-4BB5-9941-AC4FC056A6FA}.Debug|Any CPU.Build.0 = Debug|Any CPU
		{38336FC6-1F2B-4BB5-9941-AC4FC056A6FA}.Release|Any CPU.ActiveCfg = Release|Any CPU
		{38336FC6-1F2B-4BB5-9941-AC4FC056A6FA}.Release|Any CPU.Build.0 = Release|Any CPU
		{CE978D37-5307-4F80-A804-27567135683A}.Debug|Any CPU.ActiveCfg = Debug|Any CPU
		{CE978D37-5307-4F80-A804-27567135683A}.Debug|Any CPU.Build.0 = Debug|Any CPU
		{CE978D37-5307-4F80-A804-27567135683A}.Release|Any CPU.ActiveCfg = Release|Any CPU
		{CE978D37-5307-4F80-A804-27567135683A}.Release|Any CPU.Build.0 = Release|Any CPU
		{6236209C-24CB-4DCA-BE1B-61A8155FFEAA}.Debug|Any CPU.ActiveCfg = Debug|Any CPU
		{6236209C-24CB-4DCA-BE1B-61A8155FFEAA}.Debug|Any CPU.Build.0 = Debug|Any CPU
		{6236209C-24CB-4DCA-BE1B-61A8155FFEAA}.Release|Any CPU.ActiveCfg = Release|Any CPU
		{6236209C-24CB-4DCA-BE1B-61A8155FFEAA}.Release|Any CPU.Build.0 = Release|Any CPU
		{10A8E73F-C918-425F-92CB-D637328D5920}.Debug|Any CPU.ActiveCfg = Debug|Any CPU
		{10A8E73F-C918-425F-92CB-D637328D5920}.Debug|Any CPU.Build.0 = Debug|Any CPU
		{10A8E73F-C918-425F-92CB-D637328D5920}.Release|Any CPU.ActiveCfg = Release|Any CPU
		{10A8E73F-C918-425F-92CB-D637328D5920}.Release|Any CPU.Build.0 = Release|Any CPU
		{3936B795-9DEF-4295-9983-4DD6A39A9017}.Debug|Any CPU.ActiveCfg = Debug|Any CPU
		{3936B795-9DEF-4295-9983-4DD6A39A9017}.Debug|Any CPU.Build.0 = Debug|Any CPU
		{3936B795-9DEF-4295-9983-4DD6A39A9017}.Release|Any CPU.ActiveCfg = Release|Any CPU
		{3936B795-9DEF-4295-9983-4DD6A39A9017}.Release|Any CPU.Build.0 = Release|Any CPU
	EndGlobalSection
	GlobalSection(SolutionProperties) = preSolution
		HideSolutionNode = FALSE
	EndGlobalSection
	GlobalSection(ExtensibilityGlobals) = postSolution
		SolutionGuid = {689770B1-5093-4935-B9D5-94D7E256A75B}
	EndGlobalSection
EndGlobal
